// !$*UTF8*$!
{
	archiveVersion = 1;
	classes = {
	};
	objectVersion = 45;
	objects = {

/* Begin PBXBuildFile section */
		8DD76F9C0486AA7600D96B5E /* Foundation.framework in Frameworks */ = {isa = PBXBuildFile; fileRef = 08FB779EFE84155DC02AAC07 /* Foundation.framework */; };
		8DD76F9F0486AA7600D96B5E /* EvolveImage.1 in CopyFiles */ = {isa = PBXBuildFile; fileRef = C6859EA3029092ED04C91782 /* EvolveImage.1 */; };
		B1A5A3B80EFDF613008F1069 /* EIDna.m in Sources */ = {isa = PBXBuildFile; fileRef = B1A5A39C0EFDF613008F1069 /* EIDna.m */; };
		B1A5A3B90EFDF613008F1069 /* EIImageEvolver.m in Sources */ = {isa = PBXBuildFile; fileRef = B1A5A39E0EFDF613008F1069 /* EIImageEvolver.m */; };
		B1A5A3BA0EFDF613008F1069 /* EIPolygon.m in Sources */ = {isa = PBXBuildFile; fileRef = B1A5A3A00EFDF613008F1069 /* EIPolygon.m */; };
		B1A5A3BB0EFDF613008F1069 /* main.m in Sources */ = {isa = PBXBuildFile; fileRef = B1A5A3A40EFDF613008F1069 /* main.m */; };
		B1A5A3E60EFDF61D008F1069 /* mtwist.c in Sources */ = {isa = PBXBuildFile; fileRef = B1A5A3CF0EFDF61D008F1069 /* mtwist.c */; };
		B1A5A3ED0EFDF61D008F1069 /* randistrs.c in Sources */ = {isa = PBXBuildFile; fileRef = B1A5A3DA0EFDF61D008F1069 /* randistrs.c */; };
/* End PBXBuildFile section */

/* Begin PBXCopyFilesBuildPhase section */
		8DD76F9E0486AA7600D96B5E /* CopyFiles */ = {
			isa = PBXCopyFilesBuildPhase;
			buildActionMask = 8;
			dstPath = /usr/share/man/man1/;
			dstSubfolderSpec = 0;
			files = (
				8DD76F9F0486AA7600D96B5E /* EvolveImage.1 in CopyFiles */,
			);
			runOnlyForDeploymentPostprocessing = 1;
		};
/* End PBXCopyFilesBuildPhase section */

/* Begin PBXFileReference section */
		08FB779EFE84155DC02AAC07 /* Foundation.framework */ = {isa = PBXFileReference; lastKnownFileType = wrapper.framework; name = Foundation.framework; path = /System/Library/Frameworks/Foundation.framework; sourceTree = "<absolute>"; };
		32A70AAB03705E1F00C91783 /* EvolveImage_Prefix.pch */ = {isa = PBXFileReference; fileEncoding = 4; lastKnownFileType = sourcecode.c.h; path = EvolveImage_Prefix.pch; sourceTree = "<group>"; };
		8DD76FA10486AA7600D96B5E /* EvolveImage */ = {isa = PBXFileReference; explicitFileType = "compiled.mach-o.executable"; includeInIndex = 0; path = EvolveImage; sourceTree = BUILT_PRODUCTS_DIR; };
		B1A5A39A0EFDF613008F1069 /* EIColor.m */ = {isa = PBXFileReference; fileEncoding = 4; lastKnownFileType = sourcecode.c.objc; path = EIColor.m; sourceTree = "<group>"; };
		B1A5A39B0EFDF613008F1069 /* EIDna.h */ = {isa = PBXFileReference; fileEncoding = 4; lastKnownFileType = sourcecode.c.h; path = EIDna.h; sourceTree = "<group>"; };
		B1A5A39C0EFDF613008F1069 /* EIDna.m */ = {isa = PBXFileReference; fileEncoding = 4; lastKnownFileType = sourcecode.c.objc; path = EIDna.m; sourceTree = "<group>"; };
		B1A5A39D0EFDF613008F1069 /* EIImageEvolver.h */ = {isa = PBXFileReference; fileEncoding = 4; lastKnownFileType = sourcecode.c.h; path = EIImageEvolver.h; sourceTree = "<group>"; };
		B1A5A39E0EFDF613008F1069 /* EIImageEvolver.m */ = {isa = PBXFileReference; fileEncoding = 4; lastKnownFileType = sourcecode.c.objc; path = EIImageEvolver.m; sourceTree = "<group>"; };
		B1A5A39F0EFDF613008F1069 /* EIPolygon.h */ = {isa = PBXFileReference; fileEncoding = 4; lastKnownFileType = sourcecode.c.h; path = EIPolygon.h; sourceTree = "<group>"; };
		B1A5A3A00EFDF613008F1069 /* EIPolygon.m */ = {isa = PBXFileReference; fileEncoding = 4; lastKnownFileType = sourcecode.c.objc; path = EIPolygon.m; sourceTree = "<group>"; };
		B1A5A3A10EFDF613008F1069 /* EITypes.h */ = {isa = PBXFileReference; fileEncoding = 4; lastKnownFileType = sourcecode.c.h; path = EITypes.h; sourceTree = "<group>"; };
		B1A5A3A20EFDF613008F1069 /* GNUmakefile */ = {isa = PBXFileReference; fileEncoding = 4; lastKnownFileType = text; path = GNUmakefile; sourceTree = "<group>"; };
		B1A5A3A30EFDF613008F1069 /* LICENCE */ = {isa = PBXFileReference; fileEncoding = 4; lastKnownFileType = text; path = LICENCE; sourceTree = "<group>"; };
		B1A5A3A40EFDF613008F1069 /* main.m */ = {isa = PBXFileReference; fileEncoding = 4; lastKnownFileType = sourcecode.c.objc; path = main.m; sourceTree = "<group>"; };
		B1A5A3CD0EFDF61D008F1069 /* GNUmakefile */ = {isa = PBXFileReference; fileEncoding = 4; lastKnownFileType = text; path = GNUmakefile; sourceTree = "<group>"; };
		B1A5A3CE0EFDF61D008F1069 /* mtwist.3 */ = {isa = PBXFileReference; fileEncoding = 4; lastKnownFileType = text; path = mtwist.3; sourceTree = "<group>"; };
		B1A5A3CF0EFDF61D008F1069 /* mtwist.c */ = {isa = PBXFileReference; fileEncoding = 4; lastKnownFileType = sourcecode.c.c; path = mtwist.c; sourceTree = "<group>"; };
		B1A5A3D00EFDF61D008F1069 /* mtwist.h */ = {isa = PBXFileReference; fileEncoding = 4; lastKnownFileType = sourcecode.c.h; path = mtwist.h; sourceTree = "<group>"; };
		B1A5A3D90EFDF61D008F1069 /* randistrs.3 */ = {isa = PBXFileReference; fileEncoding = 4; lastKnownFileType = text; path = randistrs.3; sourceTree = "<group>"; };
		B1A5A3DA0EFDF61D008F1069 /* randistrs.c */ = {isa = PBXFileReference; fileEncoding = 4; lastKnownFileType = sourcecode.c.c; path = randistrs.c; sourceTree = "<group>"; };
		B1A5A3DB0EFDF61D008F1069 /* randistrs.h */ = {isa = PBXFileReference; fileEncoding = 4; lastKnownFileType = sourcecode.c.h; path = randistrs.h; sourceTree = "<group>"; };
		B1A5A3DC0EFDF61D008F1069 /* README */ = {isa = PBXFileReference; fileEncoding = 4; lastKnownFileType = text; path = README; sourceTree = "<group>"; };
		B1A5A3E50EFDF61D008F1069 /* VERSION */ = {isa = PBXFileReference; fileEncoding = 4; lastKnownFileType = text; path = VERSION; sourceTree = "<group>"; };
		C6859EA3029092ED04C91782 /* EvolveImage.1 */ = {isa = PBXFileReference; lastKnownFileType = text.man; path = EvolveImage.1; sourceTree = "<group>"; };
/* End PBXFileReference section */

/* Begin PBXFrameworksBuildPhase section */
		8DD76F9B0486AA7600D96B5E /* Frameworks */ = {
			isa = PBXFrameworksBuildPhase;
			buildActionMask = 2147483647;
			files = (
				8DD76F9C0486AA7600D96B5E /* Foundation.framework in Frameworks */,
			);
			runOnlyForDeploymentPostprocessing = 0;
		};
/* End PBXFrameworksBuildPhase section */

/* Begin PBXGroup section */
		08FB7794FE84155DC02AAC07 /* EvolveImage */ = {
			isa = PBXGroup;
			children = (
				08FB7795FE84155DC02AAC07 /* Source */,
				C6859EA2029092E104C91782 /* Documentation */,
				08FB779DFE84155DC02AAC07 /* External Frameworks and Libraries */,
				1AB674ADFE9D54B511CA2CBB /* Products */,
			);
			name = EvolveImage;
			sourceTree = "<group>";
		};
		08FB7795FE84155DC02AAC07 /* Source */ = {
			isa = PBXGroup;
			children = (
				B1A5A3CC0EFDF61D008F1069 /* mtwist */,
				B1A5A3990EFDF613008F1069 /* evolve-image */,
				32A70AAB03705E1F00C91783 /* EvolveImage_Prefix.pch */,
			);
			name = Source;
			sourceTree = "<group>";
		};
		08FB779DFE84155DC02AAC07 /* External Frameworks and Libraries */ = {
			isa = PBXGroup;
			children = (
				08FB779EFE84155DC02AAC07 /* Foundation.framework */,
			);
			name = "External Frameworks and Libraries";
			sourceTree = "<group>";
		};
		1AB674ADFE9D54B511CA2CBB /* Products */ = {
			isa = PBXGroup;
			children = (
				8DD76FA10486AA7600D96B5E /* EvolveImage */,
			);
			name = Products;
			sourceTree = "<group>";
		};
		B1A5A3990EFDF613008F1069 /* evolve-image */ = {
			isa = PBXGroup;
			children = (
				B1A5A39A0EFDF613008F1069 /* EIColor.m */,
				B1A5A39B0EFDF613008F1069 /* EIDna.h */,
				B1A5A39C0EFDF613008F1069 /* EIDna.m */,
				B1A5A39D0EFDF613008F1069 /* EIImageEvolver.h */,
				B1A5A39E0EFDF613008F1069 /* EIImageEvolver.m */,
				B1A5A39F0EFDF613008F1069 /* EIPolygon.h */,
				B1A5A3A00EFDF613008F1069 /* EIPolygon.m */,
				B1A5A3A10EFDF613008F1069 /* EITypes.h */,
				B1A5A3A20EFDF613008F1069 /* GNUmakefile */,
				B1A5A3A30EFDF613008F1069 /* LICENCE */,
				B1A5A3A40EFDF613008F1069 /* main.m */,
			);
			path = "evolve-image";
			sourceTree = "<group>";
		};
		B1A5A3CC0EFDF61D008F1069 /* mtwist */ = {
			isa = PBXGroup;
			children = (
				B1A5A3CD0EFDF61D008F1069 /* GNUmakefile */,
				B1A5A3CE0EFDF61D008F1069 /* mtwist.3 */,
				B1A5A3CF0EFDF61D008F1069 /* mtwist.c */,
				B1A5A3D00EFDF61D008F1069 /* mtwist.h */,
				B1A5A3D90EFDF61D008F1069 /* randistrs.3 */,
				B1A5A3DA0EFDF61D008F1069 /* randistrs.c */,
				B1A5A3DB0EFDF61D008F1069 /* randistrs.h */,
				B1A5A3DC0EFDF61D008F1069 /* README */,
				B1A5A3E50EFDF61D008F1069 /* VERSION */,
			);
			path = mtwist;
			sourceTree = "<group>";
		};
		C6859EA2029092E104C91782 /* Documentation */ = {
			isa = PBXGroup;
			children = (
				C6859EA3029092ED04C91782 /* EvolveImage.1 */,
			);
			name = Documentation;
			sourceTree = "<group>";
		};
/* End PBXGroup section */

/* Begin PBXNativeTarget section */
		8DD76F960486AA7600D96B5E /* EvolveImage */ = {
			isa = PBXNativeTarget;
			buildConfigurationList = 1DEB927408733DD40010E9CD /* Build configuration list for PBXNativeTarget "EvolveImage" */;
			buildPhases = (
				8DD76F990486AA7600D96B5E /* Sources */,
				8DD76F9B0486AA7600D96B5E /* Frameworks */,
				8DD76F9E0486AA7600D96B5E /* CopyFiles */,
			);
			buildRules = (
			);
			dependencies = (
			);
			name = EvolveImage;
			productInstallPath = "$(HOME)/bin";
			productName = EvolveImage;
			productReference = 8DD76FA10486AA7600D96B5E /* EvolveImage */;
			productType = "com.apple.product-type.tool";
		};
/* End PBXNativeTarget section */

/* Begin PBXProject section */
		08FB7793FE84155DC02AAC07 /* Project object */ = {
			isa = PBXProject;
			buildConfigurationList = 1DEB927808733DD40010E9CD /* Build configuration list for PBXProject "EvolveImage" */;
			compatibilityVersion = "Xcode 3.1";
			hasScannedForEncodings = 1;
			mainGroup = 08FB7794FE84155DC02AAC07 /* EvolveImage */;
			projectDirPath = "";
			projectRoot = "";
			targets = (
				8DD76F960486AA7600D96B5E /* EvolveImage */,
			);
		};
/* End PBXProject section */

/* Begin PBXSourcesBuildPhase section */
		8DD76F990486AA7600D96B5E /* Sources */ = {
			isa = PBXSourcesBuildPhase;
			buildActionMask = 2147483647;
			files = (
				B1A5A3B80EFDF613008F1069 /* EIDna.m in Sources */,
				B1A5A3B90EFDF613008F1069 /* EIImageEvolver.m in Sources */,
				B1A5A3BA0EFDF613008F1069 /* EIPolygon.m in Sources */,
				B1A5A3BB0EFDF613008F1069 /* main.m in Sources */,
				B1A5A3E60EFDF61D008F1069 /* mtwist.c in Sources */,
				B1A5A3ED0EFDF61D008F1069 /* randistrs.c in Sources */,
			);
			runOnlyForDeploymentPostprocessing = 0;
		};
/* End PBXSourcesBuildPhase section */

/* Begin XCBuildConfiguration section */
		1DEB927508733DD40010E9CD /* Debug */ = {
			isa = XCBuildConfiguration;
			buildSettings = {
				ALWAYS_SEARCH_USER_PATHS = NO;
				COPY_PHASE_STRIP = NO;
				GCC_DYNAMIC_NO_PIC = NO;
				GCC_ENABLE_FIX_AND_CONTINUE = YES;
				GCC_MODEL_TUNING = G5;
				GCC_OPTIMIZATION_LEVEL = 0;
				GCC_PRECOMPILE_PREFIX_HEADER = YES;
				GCC_PREFIX_HEADER = EvolveImage_Prefix.pch;
				INSTALL_PATH = /usr/local/bin;
				LIBRARY_SEARCH_PATHS = (
					"$(inherited)",
					"\"$(SRCROOT)/mtwist/obj\"",
					"\"$(SRCROOT)/mtwist/shared_obj\"",
				);
				PRODUCT_NAME = EvolveImage;
				USER_HEADER_SEARCH_PATHS = mtwist;
			};
			name = Debug;
		};
		1DEB927608733DD40010E9CD /* Release */ = {
			isa = XCBuildConfiguration;
			buildSettings = {
				ALWAYS_SEARCH_USER_PATHS = NO;
				DEBUG_INFORMATION_FORMAT = "dwarf-with-dsym";
				GCC_MODEL_TUNING = G5;
				GCC_PRECOMPILE_PREFIX_HEADER = YES;
				GCC_PREFIX_HEADER = EvolveImage_Prefix.pch;
				INSTALL_PATH = /usr/local/bin;
				LIBRARY_SEARCH_PATHS = (
					"$(inherited)",
					"\"$(SRCROOT)/mtwist/obj\"",
					"\"$(SRCROOT)/mtwist/shared_obj\"",
				);
				PRODUCT_NAME = EvolveImage;
				USER_HEADER_SEARCH_PATHS = mtwist;
			};
			name = Release;
		};
		1DEB927908733DD40010E9CD /* Debug */ = {
			isa = XCBuildConfiguration;
			buildSettings = {
				ARCHS = "$(ARCHS_STANDARD_32_BIT)";
				GCC_C_LANGUAGE_STANDARD = c99;
				GCC_OPTIMIZATION_LEVEL = 0;
				GCC_WARN_ABOUT_RETURN_TYPE = YES;
				GCC_WARN_UNUSED_VARIABLE = YES;
				ONLY_ACTIVE_ARCH = YES;
				PREBINDING = NO;
				SDKROOT = macosx10.5;
			};
			name = Debug;
		};
		1DEB927A08733DD40010E9CD /* Release */ = {
			isa = XCBuildConfiguration;
			buildSettings = {
				ARCHS = "$(ARCHS_STANDARD_32_BIT)";
				GCC_C_LANGUAGE_STANDARD = c99;
				GCC_WARN_ABOUT_RETURN_TYPE = YES;
				GCC_WARN_UNUSED_VARIABLE = YES;
				PREBINDING = NO;
				SDKROOT = macosx10.5;
			};
			name = Release;
		};
/* End XCBuildConfiguration section */

/* Begin XCConfigurationList section */
		1DEB927408733DD40010E9CD /* Build configuration list for PBXNativeTarget "EvolveImage" */ = {
			isa = XCConfigurationList;
			buildConfigurations = (
				1DEB927508733DD40010E9CD /* Debug */,
				1DEB927608733DD40010E9CD /* Release */,
			);
			defaultConfigurationIsVisible = 0;
			defaultConfigurationName = Release;
		};
		1DEB927808733DD40010E9CD /* Build configuration list for PBXProject "EvolveImage" */ = {
			isa = XCConfigurationList;
			buildConfigurations = (
				1DEB927908733DD40010E9CD /* Debug */,
				1DEB927A08733DD40010E9CD /* Release */,
			);
			defaultConfigurationIsVisible = 0;
			defaultConfigurationName = Release;
		};
/* End XCConfigurationList section */
	};
	rootObject = 08FB7793FE84155DC02AAC07 /* Project object */;
}
